
Microsoft Visual Studio Solution File, Format Version 12.00
# Visual Studio Version 17
VisualStudioVersion = 17.14.36109.1 d17.14
MinimumVisualStudioVersion = 10.0.40219.1
Project("{FAE04EC0-301F-11D3-BF4B-00C04F79EFBC}") = "laptop", "laptop\laptop.csproj", "{CC623DF8-2B9C-4CC8-BF71-198372182DAE}"
EndProject
Global
	GlobalSection(SolutionConfigurationPlatforms) = preSolution
		Debug|Any CPU = Debug|Any CPU
		Release|Any CPU = Release|Any CPU
	EndGlobalSection
	GlobalSection(ProjectConfigurationPlatforms) = postSolution
		{CC623DF8-2B9C-4CC8-BF71-198372182DAE}.Debug|Any CPU.ActiveCfg = Debug|Any CPU
		{CC623DF8-2B9C-4CC8-BF71-198372182DAE}.Debug|Any CPU.Build.0 = Debug|Any CPU
		{CC623DF8-2B9C-4CC8-BF71-198372182DAE}.Release|Any CPU.ActiveCfg = Release|Any CPU
		{CC623DF8-2B9C-4CC8-BF71-198372182DAE}.Release|Any CPU.Build.0 = Release|Any CPU
	EndGlobalSection
	GlobalSection(SolutionProperties) = preSolution
		HideSolutionNode = FALSE
	EndGlobalSection
	GlobalSection(ExtensibilityGlobals) = postSolution
		SolutionGuid = {D2C667DD-F19B-450E-B3EC-A194D19E38DF}
	EndGlobalSection
EndGlobal
